
Microsoft Visual Studio Solution File, Format Version 12.00
# Visual Studio Version 17
VisualStudioVersion = 17.0.32014.148
MinimumVisualStudioVersion = 10.0.40219.1
Project("{FAE04EC0-301F-11D3-BF4B-00C04F79EFBC}") = "WpfApp1", "WpfApp1\WpfApp1.csproj", "{1C9D0908-8842-4D00-B893-F9ED51A012EE}"
EndProject
Project("{FAE04EC0-301F-11D3-BF4B-00C04F79EFBC}") = "ClassLibrary1", "ClassLibrary1\ClassLibrary1.csproj", "{0E0D2B83-3E48-4676-9CFB-985C202C1371}"
EndProject
Global
	GlobalSection(SolutionConfigurationPlatforms) = preSolution
		Debug|Any CPU = Debug|Any CPU
		Release|Any CPU = Release|Any CPU
	EndGlobalSection
	GlobalSection(ProjectConfigurationPlatforms) = postSolution
		{1C9D0908-8842-4D00-B893-F9ED51A012EE}.Debug|Any CPU.ActiveCfg = Debug|Any CPU
		{1C9D0908-8842-4D00-B893-F9ED51A012EE}.Debug|Any CPU.Build.0 = Debug|Any CPU
		{1C9D0908-8842-4D00-B893-F9ED51A012EE}.Release|Any CPU.ActiveCfg = Release|Any CPU
		{1C9D0908-8842-4D00-B893-F9ED51A012EE}.Release|Any CPU.Build.0 = Release|Any CPU
		{0E0D2B83-3E48-4676-9CFB-985C202C1371}.Debug|Any CPU.ActiveCfg = Debug|Any CPU
		{0E0D2B83-3E48-4676-9CFB-985C202C1371}.Debug|Any CPU.Build.0 = Debug|Any CPU
		{0E0D2B83-3E48-4676-9CFB-985C202C1371}.Release|Any CPU.ActiveCfg = Release|Any CPU
		{0E0D2B83-3E48-4676-9CFB-985C202C1371}.Release|Any CPU.Build.0 = Release|Any CPU
	EndGlobalSection
	GlobalSection(SolutionProperties) = preSolution
		HideSolutionNode = FALSE
	EndGlobalSection
	GlobalSection(ExtensibilityGlobals) = postSolution
		SolutionGuid = {5555EF6B-9BB4-428D-A7F2-0357B41CEFD8}
	EndGlobalSection
EndGlobal
